github.com/gopsql/db v1.2.1 h1:dzi13FK9OCeV2pARpmn4kSp351Uzg/Le2mEKo43H+EQ=
github.com/gopsql/db v1.2.1/go.mod h1:plazrQDxoOfbv749q6AqZyR0wtPak19s4uw8J8pnMYA=
github.com/gopsql/standard v1.2.1 h1:TCZj8qt/cjk1G6GqaGOc9YkNiaey6ZxOlGS6l4WUHHA=
github.com/gopsql/standard v1.2.1/go.mod h1:oQC7EHqwvl0t1gp+mOuyBzNgN86p3G58cCKtZ6tELoU=
github.com/lib/pq v1.10.4 h1:SO9z7FRPzA03QhHKJrH5BXA6HU1rS4V2nIVrrNC1iYk=
github.com/lib/pq v1.10.4/go.mod h1:AlVN5x4E4T544tWzH6hKfbfQvm3HdbOxrmggDNAPY9o=
